name: Update NixOS flake.lock

on:
  schedule:
    - cron: '0 0 */2 * *'
  workflow_dispatch:

jobs:
  update-flake:
    runs-on: ubuntu-latest
    permissions:
      contents: write
    steps:
      - name: Checkout repository
        uses: actions/checkout@v4
        with:
          fetch-depth: 0

      - name: Install Nix
        uses: cachix/install-nix-action@v27

      - name: Update flake.lock
        run: nix flake update

      - name: Commit and push changes
        uses: stefanzweifel/git-auto-commit-action@v5
        with:
          commit_message: 'Updated Flake'
          branch: main
          file_pattern: flake.lock
          commit_user_name: 'Nix Flake Bot'
          commit_user_email: '[email protected]'
